{
  "object": {
    "pins": [
      {
        "package": "CombineEx",
        "repositoryURL": "https://github.com/RocketLaunchpad/CombineEx.git",
        "state": {
          "branch": "main",
          "revision": "4c0a8201655c98542c3c6069ff5ab21260ddbc71",
          "version": null
        }
      },
      {
        "package": "FoundationEx",
        "repositoryURL": "https://github.com/RocketLaunchpad/FoundationEx.git",
        "state": {
          "branch": null,
          "revision": "1e29902f7c26fff9828c3f488a314786fc7756ff",
          "version": "1.0.0"
        }
      },
      {
        "package": "Tagged",
        "repositoryURL": "https://github.com/pointfreeco/swift-tagged.git",
        "state": {
          "branch": null,
          "revision": "592e1eb4255c571ebffc29955011e352217501b4",
          "version": "0.5.0"
        }
      }
    ]
  },
  "version": 1
}
